// !$*UTF8*$!
{
	archiveVersion = 1;
	classes = {
	};
	objectVersion = 51;
	objects = {

/* Begin PBXBuildFile section */
		992AC6B42622581D00507E7C /* GoogleService-Info.plist in Resources */ = {isa = PBXBuildFile; fileRef = 992AC6B32622581D00507E7C /* GoogleService-Info.plist */; };
		992AC6BC2622D0C700507E7C /* Assets.xcassets in Resources */ = {isa = PBXBuildFile; fileRef = 992AC6BB2622D0C700507E7C /* Assets.xcassets */; };
		992AC6C02622D0D400507E7C /* Assets.xcassets in Resources */ = {isa = PBXBuildFile; fileRef = 992AC6BF2622D0D400507E7C /* Assets.xcassets */; };
		992AC6C32622D11400507E7C /* ContentView.swift in Sources */ = {isa = PBXBuildFile; fileRef = 992AC6C22622D11400507E7C /* ContentView.swift */; };
		992AC6CA2623357900507E7C /* SignUp.swift in Sources */ = {isa = PBXBuildFile; fileRef = 992AC6C92623357900507E7C /* SignUp.swift */; };
		992AC6CD26241CF700507E7C /* RegisterUser.swift in Sources */ = {isa = PBXBuildFile; fileRef = 992AC6CC26241CF700507E7C /* RegisterUser.swift */; };
		9976BF672624D12B00227851 /* AccountPage.swift in Sources */ = {isa = PBXBuildFile; fileRef = 9976BF662624D12B00227851 /* AccountPage.swift */; };
		997B6D9426225544000804E6 /* renttoolApp.swift in Sources */ = {isa = PBXBuildFile; fileRef = 997B6D9326225544000804E6 /* renttoolApp.swift */; };
		997B6D9B26225544000804E6 /* Preview Assets.xcassets in Resources */ = {isa = PBXBuildFile; fileRef = 997B6D9A26225544000804E6 /* Preview Assets.xcassets */; };
		99AB9EDF262539C100A5621B /* AddTool.swift in Sources */ = {isa = PBXBuildFile; fileRef = 99AB9EDE262539C100A5621B /* AddTool.swift */; };
		99C3D5AA26254F64000AFC5A /* imagePicker.swift in Sources */ = {isa = PBXBuildFile; fileRef = 99C3D5A926254F64000AFC5A /* imagePicker.swift */; };
		B23065DFAE43A8FCD4CE7EC5 /* Pods_renttool.framework in Frameworks */ = {isa = PBXBuildFile; fileRef = 6A5ABD1A49956C5739BEDFA2 /* Pods_renttool.framework */; };
/* End PBXBuildFile section */

/* Begin PBXFileReference section */
		2B38088FA568EA09B9894582 /* Pods-renttool.release.xcconfig */ = {isa = PBXFileReference; includeInIndex = 1; lastKnownFileType = text.xcconfig; name = "Pods-renttool.release.xcconfig"; path = "Target Support Files/Pods-renttool/Pods-renttool.release.xcconfig"; sourceTree = "<group>"; };
		6A5ABD1A49956C5739BEDFA2 /* Pods_renttool.framework */ = {isa = PBXFileReference; explicitFileType = wrapper.framework; includeInIndex = 0; path = Pods_renttool.framework; sourceTree = BUILT_PRODUCTS_DIR; };
		992AC6B32622581D00507E7C /* GoogleService-Info.plist */ = {isa = PBXFileReference; fileEncoding = 4; lastKnownFileType = text.plist.xml; path = "GoogleService-Info.plist"; sourceTree = "<group>"; };
		992AC6BB2622D0C700507E7C /* Assets.xcassets */ = {isa = PBXFileReference; lastKnownFileType = folder.assetcatalog; path = Assets.xcassets; sourceTree = "<group>"; };
		992AC6BF2622D0D400507E7C /* Assets.xcassets */ = {isa = PBXFileReference; lastKnownFileType = folder.assetcatalog; path = Assets.xcassets; sourceTree = "<group>"; };
		992AC6C22622D11400507E7C /* ContentView.swift */ = {isa = PBXFileReference; fileEncoding = 4; lastKnownFileType = sourcecode.swift; path = ContentView.swift; sourceTree = "<group>"; };
		992AC6C92623357900507E7C /* SignUp.swift */ = {isa = PBXFileReference; lastKnownFileType = sourcecode.swift; path = SignUp.swift; sourceTree = "<group>"; };
		992AC6CC26241CF700507E7C /* RegisterUser.swift */ = {isa = PBXFileReference; lastKnownFileType = sourcecode.swift; path = RegisterUser.swift; sourceTree = "<group>"; };
		99409B878131E81521017FE7 /* Pods-renttool.debug.xcconfig */ = {isa = PBXFileReference; includeInIndex = 1; lastKnownFileType = text.xcconfig; name = "Pods-renttool.debug.xcconfig"; path = "Target Support Files/Pods-renttool/Pods-renttool.debug.xcconfig"; sourceTree = "<group>"; };
		9976BF662624D12B00227851 /* AccountPage.swift */ = {isa = PBXFileReference; lastKnownFileType = sourcecode.swift; path = AccountPage.swift; sourceTree = "<group>"; };
		997B6D9026225544000804E6 /* renttool.app */ = {isa = PBXFileReference; explicitFileType = wrapper.application; includeInIndex = 0; path = renttool.app; sourceTree = BUILT_PRODUCTS_DIR; };
		997B6D9326225544000804E6 /* renttoolApp.swift */ = {isa = PBXFileReference; lastKnownFileType = sourcecode.swift; path = renttoolApp.swift; sourceTree = "<group>"; };
		997B6D9A26225544000804E6 /* Preview Assets.xcassets */ = {isa = PBXFileReference; lastKnownFileType = folder.assetcatalog; path = "Preview Assets.xcassets"; sourceTree = "<group>"; };
		997B6D9C26225544000804E6 /* Info.plist */ = {isa = PBXFileReference; lastKnownFileType = text.plist.xml; path = Info.plist; sourceTree = "<group>"; };
		99AB9EDE262539C100A5621B /* AddTool.swift */ = {isa = PBXFileReference; lastKnownFileType = sourcecode.swift; path = AddTool.swift; sourceTree = "<group>"; };
		99C3D5A926254F64000AFC5A /* imagePicker.swift */ = {isa = PBXFileReference; lastKnownFileType = sourcecode.swift; path = imagePicker.swift; sourceTree = "<group>"; };
/* End PBXFileReference section */

/* Begin PBXFrameworksBuildPhase section */
		997B6D8D26225544000804E6 /* Frameworks */ = {
			isa = PBXFrameworksBuildPhase;
			buildActionMask = 2147483647;
			files = (
				B23065DFAE43A8FCD4CE7EC5 /* Pods_renttool.framework in Frameworks */,
			);
			runOnlyForDeploymentPostprocessing = 0;
		};
/* End PBXFrameworksBuildPhase section */

/* Begin PBXGroup section */
		467D7BFB8FE63E9FD221D2CA /* Frameworks */ = {
			isa = PBXGroup;
			children = (
				6A5ABD1A49956C5739BEDFA2 /* Pods_renttool.framework */,
			);
			name = Frameworks;
			sourceTree = "<group>";
		};
		49033D83097FF97CBA094A5D /* Pods */ = {
			isa = PBXGroup;
			children = (
				99409B878131E81521017FE7 /* Pods-renttool.debug.xcconfig */,
				2B38088FA568EA09B9894582 /* Pods-renttool.release.xcconfig */,
			);
			path = Pods;
			sourceTree = "<group>";
		};
		997B6D8726225544000804E6 = {
			isa = PBXGroup;
			children = (
				997B6D9226225544000804E6 /* renttool */,
				997B6D9126225544000804E6 /* Products */,
				49033D83097FF97CBA094A5D /* Pods */,
				467D7BFB8FE63E9FD221D2CA /* Frameworks */,
			);
			sourceTree = "<group>";
		};
		997B6D9126225544000804E6 /* Products */ = {
			isa = PBXGroup;
			children = (
				997B6D9026225544000804E6 /* renttool.app */,
			);
			name = Products;
			sourceTree = "<group>";
		};
		997B6D9226225544000804E6 /* renttool */ = {
			isa = PBXGroup;
			children = (
				99AB9EE12625452C00A5621B /* ViewModel */,
				992AC6BB2622D0C700507E7C /* Assets.xcassets */,
				992AC6BF2622D0D400507E7C /* Assets.xcassets */,
				997B6D9326225544000804E6 /* renttoolApp.swift */,
				992AC6C22622D11400507E7C /* ContentView.swift */,
				997B6D9C26225544000804E6 /* Info.plist */,
				992AC6B32622581D00507E7C /* GoogleService-Info.plist */,
				997B6D9926225544000804E6 /* Preview Content */,
				992AC6C92623357900507E7C /* SignUp.swift */,
				992AC6CC26241CF700507E7C /* RegisterUser.swift */,
				9976BF662624D12B00227851 /* AccountPage.swift */,
				99AB9EDE262539C100A5621B /* AddTool.swift */,
			);
			path = renttool;
			sourceTree = "<group>";
		};
		997B6D9926225544000804E6 /* Preview Content */ = {
			isa = PBXGroup;
			children = (
				997B6D9A26225544000804E6 /* Preview Assets.xcassets */,
			);
			path = "Preview Content";
			sourceTree = "<group>";
		};
		99AB9EE12625452C00A5621B /* ViewModel */ = {
			isa = PBXGroup;
			children = (
				99C3D5A926254F64000AFC5A /* imagePicker.swift */,
			);
			path = ViewModel;
			sourceTree = "<group>";
		};
/* End PBXGroup section */

/* Begin PBXNativeTarget section */
		997B6D8F26225544000804E6 /* renttool */ = {
			isa = PBXNativeTarget;
			buildConfigurationList = 997B6D9F26225544000804E6 /* Build configuration list for PBXNativeTarget "renttool" */;
			buildPhases = (
				57D3A116BC9EDAD0846BC5F1 /* [CP] Check Pods Manifest.lock */,
				997B6D8C26225544000804E6 /* Sources */,
				997B6D8D26225544000804E6 /* Frameworks */,
				997B6D8E26225544000804E6 /* Resources */,
				1438A7CA5689125FE16679DB /* [CP] Embed Pods Frameworks */,
			);
			buildRules = (
			);
			dependencies = (
			);
			name = renttool;
			productName = renttool;
			productReference = 997B6D9026225544000804E6 /* renttool.app */;
			productType = "com.apple.product-type.application";
		};
/* End PBXNativeTarget section */

/* Begin PBXProject section */
		997B6D8826225544000804E6 /* Project object */ = {
			isa = PBXProject;
			attributes = {
				LastSwiftUpdateCheck = 1240;
				LastUpgradeCheck = 1240;
				TargetAttributes = {
					997B6D8F26225544000804E6 = {
						CreatedOnToolsVersion = 12.4;
					};
				};
			};
			buildConfigurationList = 997B6D8B26225544000804E6 /* Build configuration list for PBXProject "renttool" */;
			compatibilityVersion = "Xcode 9.3";
			developmentRegion = en;
			hasScannedForEncodings = 0;
			knownRegions = (
				en,
				Base,
			);
			mainGroup = 997B6D8726225544000804E6;
			productRefGroup = 997B6D9126225544000804E6 /* Products */;
			projectDirPath = "";
			projectRoot = "";
			targets = (
				997B6D8F26225544000804E6 /* renttool */,
			);
		};
/* End PBXProject section */

/* Begin PBXResourcesBuildPhase section */
		997B6D8E26225544000804E6 /* Resources */ = {
			isa = PBXResourcesBuildPhase;
			buildActionMask = 2147483647;
			files = (
				997B6D9B26225544000804E6 /* Preview Assets.xcassets in Resources */,
				992AC6BC2622D0C700507E7C /* Assets.xcassets in Resources */,
				992AC6C02622D0D400507E7C /* Assets.xcassets in Resources */,
				992AC6B42622581D00507E7C /* GoogleService-Info.plist in Resources */,
			);
			runOnlyForDeploymentPostprocessing = 0;
		};
/* End PBXResourcesBuildPhase section */

/* Begin PBXShellScriptBuildPhase section */
		1438A7CA5689125FE16679DB /* [CP] Embed Pods Frameworks */ = {
			isa = PBXShellScriptBuildPhase;
			buildActionMask = 2147483647;
			files = (
			);
			inputFileListPaths = (
				"${PODS_ROOT}/Target Support Files/Pods-renttool/Pods-renttool-frameworks-${CONFIGURATION}-input-files.xcfilelist",
			);
			name = "[CP] Embed Pods Frameworks";
			outputFileListPaths = (
				"${PODS_ROOT}/Target Support Files/Pods-renttool/Pods-renttool-frameworks-${CONFIGURATION}-output-files.xcfilelist",
			);
			runOnlyForDeploymentPostprocessing = 0;
			shellPath = /bin/sh;
			shellScript = "\"${PODS_ROOT}/Target Support Files/Pods-renttool/Pods-renttool-frameworks.sh\"\n";
			showEnvVarsInLog = 0;
		};
		57D3A116BC9EDAD0846BC5F1 /* [CP] Check Pods Manifest.lock */ = {
			isa = PBXShellScriptBuildPhase;
			buildActionMask = 2147483647;
			files = (
			);
			inputFileListPaths = (
			);
			inputPaths = (
				"${PODS_PODFILE_DIR_PATH}/Podfile.lock",
				"${PODS_ROOT}/Manifest.lock",
			);
			name = "[CP] Check Pods Manifest.lock";
			outputFileListPaths = (
			);
			outputPaths = (
				"$(DERIVED_FILE_DIR)/Pods-renttool-checkManifestLockResult.txt",
			);
			runOnlyForDeploymentPostprocessing = 0;
			shellPath = /bin/sh;
			shellScript = "diff \"${PODS_PODFILE_DIR_PATH}/Podfile.lock\" \"${PODS_ROOT}/Manifest.lock\" > /dev/null\nif [ $? != 0 ] ; then\n    # print error to STDERR\n    echo \"error: The sandbox is not in sync with the Podfile.lock. Run 'pod install' or update your CocoaPods installation.\" >&2\n    exit 1\nfi\n# This output is used by Xcode 'outputs' to avoid re-running this script phase.\necho \"SUCCESS\" > \"${SCRIPT_OUTPUT_FILE_0}\"\n";
			showEnvVarsInLog = 0;
		};
/* End PBXShellScriptBuildPhase section */

/* Begin PBXSourcesBuildPhase section */
		997B6D8C26225544000804E6 /* Sources */ = {
			isa = PBXSourcesBuildPhase;
			buildActionMask = 2147483647;
			files = (
				992AC6C32622D11400507E7C /* ContentView.swift in Sources */,
				992AC6CD26241CF700507E7C /* RegisterUser.swift in Sources */,
				992AC6CA2623357900507E7C /* SignUp.swift in Sources */,
				99AB9EDF262539C100A5621B /* AddTool.swift in Sources */,
				997B6D9426225544000804E6 /* renttoolApp.swift in Sources */,
				99C3D5AA26254F64000AFC5A /* imagePicker.swift in Sources */,
				9976BF672624D12B00227851 /* AccountPage.swift in Sources */,
			);
			runOnlyForDeploymentPostprocessing = 0;
		};
/* End PBXSourcesBuildPhase section */

/* Begin XCBuildConfiguration section */
		997B6D9D26225544000804E6 /* Debug */ = {
			isa = XCBuildConfiguration;
			buildSettings = {
				ALWAYS_SEARCH_USER_PATHS = NO;
				CLANG_ANALYZER_NONNULL = YES;
				CLANG_ANALYZER_NUMBER_OBJECT_CONVERSION = YES_AGGRESSIVE;
				CLANG_CXX_LANGUAGE_STANDARD = "gnu++14";
				CLANG_CXX_LIBRARY = "libc++";
				CLANG_ENABLE_MODULES = YES;
				CLANG_ENABLE_OBJC_ARC = YES;
				CLANG_ENABLE_OBJC_WEAK = YES;
				CLANG_WARN_BLOCK_CAPTURE_AUTORELEASING = YES;
				CLANG_WARN_BOOL_CONVERSION = YES;
				CLANG_WARN_COMMA = YES;
				CLANG_WARN_CONSTANT_CONVERSION = YES;
				CLANG_WARN_DEPRECATED_OBJC_IMPLEMENTATIONS = YES;
				CLANG_WARN_DIRECT_OBJC_ISA_USAGE = YES_ERROR;
				CLANG_WARN_DOCUMENTATION_COMMENTS = YES;
				CLANG_WARN_EMPTY_BODY = YES;
				CLANG_WARN_ENUM_CONVERSION = YES;
				CLANG_WARN_INFINITE_RECURSION = YES;
				CLANG_WARN_INT_CONVERSION = YES;
				CLANG_WARN_NON_LITERAL_NULL_CONVERSION = YES;
				CLANG_WARN_OBJC_IMPLICIT_RETAIN_SELF = YES;
				CLANG_WARN_OBJC_LITERAL_CONVERSION = YES;
				CLANG_WARN_OBJC_ROOT_CLASS = YES_ERROR;
				CLANG_WARN_QUOTED_INCLUDE_IN_FRAMEWORK_HEADER = YES;
				CLANG_WARN_RANGE_LOOP_ANALYSIS = YES;
				CLANG_WARN_STRICT_PROTOTYPES = YES;
				CLANG_WARN_SUSPICIOUS_MOVE = YES;
				CLANG_WARN_UNGUARDED_AVAILABILITY = YES_AGGRESSIVE;
				CLANG_WARN_UNREACHABLE_CODE = YES;
				CLANG_WARN__DUPLICATE_METHOD_MATCH = YES;
				COPY_PHASE_STRIP = NO;
				DEBUG_INFORMATION_FORMAT = dwarf;
				ENABLE_STRICT_OBJC_MSGSEND = YES;
				ENABLE_TESTABILITY = YES;
				GCC_C_LANGUAGE_STANDARD = gnu11;
				GCC_DYNAMIC_NO_PIC = NO;
				GCC_NO_COMMON_BLOCKS = YES;
				GCC_OPTIMIZATION_LEVEL = 0;
				GCC_PREPROCESSOR_DEFINITIONS = (
					"DEBUG=1",
					"$(inherited)",
				);
				GCC_WARN_64_TO_32_BIT_CONVERSION = YES;
				GCC_WARN_ABOUT_RETURN_TYPE = YES_ERROR;
				GCC_WARN_UNDECLARED_SELECTOR = YES;
				GCC_WARN_UNINITIALIZED_AUTOS = YES_AGGRESSIVE;
				GCC_WARN_UNUSED_FUNCTION = YES;
				GCC_WARN_UNUSED_VARIABLE = YES;
				IPHONEOS_DEPLOYMENT_TARGET = 14.4;
				MTL_ENABLE_DEBUG_INFO = INCLUDE_SOURCE;
				MTL_FAST_MATH = YES;
				ONLY_ACTIVE_ARCH = YES;
				SDKROOT = iphoneos;
				SWIFT_ACTIVE_COMPILATION_CONDITIONS = DEBUG;
				SWIFT_OPTIMIZATION_LEVEL = "-Onone";
			};
			name = Debug;
		};
		997B6D9E26225544000804E6 /* Release */ = {
			isa = XCBuildConfiguration;
			buildSettings = {
				ALWAYS_SEARCH_USER_PATHS = NO;
				CLANG_ANALYZER_NONNULL = YES;
				CLANG_ANALYZER_NUMBER_OBJECT_CONVERSION = YES_AGGRESSIVE;
				CLANG_CXX_LANGUAGE_STANDARD = "gnu++14";
				CLANG_CXX_LIBRARY = "libc++";
				CLANG_ENABLE_MODULES = YES;
				CLANG_ENABLE_OBJC_ARC = YES;
				CLANG_ENABLE_OBJC_WEAK = YES;
				CLANG_WARN_BLOCK_CAPTURE_AUTORELEASING = YES;
				CLANG_WARN_BOOL_CONVERSION = YES;
				CLANG_WARN_COMMA = YES;
				CLANG_WARN_CONSTANT_CONVERSION = YES;
				CLANG_WARN_DEPRECATED_OBJC_IMPLEMENTATIONS = YES;
				CLANG_WARN_DIRECT_OBJC_ISA_USAGE = YES_ERROR;
				CLANG_WARN_DOCUMENTATION_COMMENTS = YES;
				CLANG_WARN_EMPTY_BODY = YES;
				CLANG_WARN_ENUM_CONVERSION = YES;
				CLANG_WARN_INFINITE_RECURSION = YES;
				CLANG_WARN_INT_CONVERSION = YES;
				CLANG_WARN_NON_LITERAL_NULL_CONVERSION = YES;
				CLANG_WARN_OBJC_IMPLICIT_RETAIN_SELF = YES;
				CLANG_WARN_OBJC_LITERAL_CONVERSION = YES;
				CLANG_WARN_OBJC_ROOT_CLASS = YES_ERROR;
				CLANG_WARN_QUOTED_INCLUDE_IN_FRAMEWORK_HEADER = YES;
				CLANG_WARN_RANGE_LOOP_ANALYSIS = YES;
				CLANG_WARN_STRICT_PROTOTYPES = YES;
				CLANG_WARN_SUSPICIOUS_MOVE = YES;
				CLANG_WARN_UNGUARDED_AVAILABILITY = YES_AGGRESSIVE;
				CLANG_WARN_UNREACHABLE_CODE = YES;
				CLANG_WARN__DUPLICATE_METHOD_MATCH = YES;
				COPY_PHASE_STRIP = NO;
				DEBUG_INFORMATION_FORMAT = "dwarf-with-dsym";
				ENABLE_NS_ASSERTIONS = NO;
				ENABLE_STRICT_OBJC_MSGSEND = YES;
				GCC_C_LANGUAGE_STANDARD = gnu11;
				GCC_NO_COMMON_BLOCKS = YES;
				GCC_WARN_64_TO_32_BIT_CONVERSION = YES;
				GCC_WARN_ABOUT_RETURN_TYPE = YES_ERROR;
				GCC_WARN_UNDECLARED_SELECTOR = YES;
				GCC_WARN_UNINITIALIZED_AUTOS = YES_AGGRESSIVE;
				GCC_WARN_UNUSED_FUNCTION = YES;
				GCC_WARN_UNUSED_VARIABLE = YES;
				IPHONEOS_DEPLOYMENT_TARGET = 14.4;
				MTL_ENABLE_DEBUG_INFO = NO;
				MTL_FAST_MATH = YES;
				SDKROOT = iphoneos;
				SWIFT_COMPILATION_MODE = wholemodule;
				SWIFT_OPTIMIZATION_LEVEL = "-O";
				VALIDATE_PRODUCT = YES;
			};
			name = Release;
		};
		997B6DA026225544000804E6 /* Debug */ = {
			isa = XCBuildConfiguration;
			baseConfigurationReference = 99409B878131E81521017FE7 /* Pods-renttool.debug.xcconfig */;
			buildSettings = {
				ASSETCATALOG_COMPILER_APPICON_NAME = AppIcon;
				ASSETCATALOG_COMPILER_GLOBAL_ACCENT_COLOR_NAME = AccentColor;
				CODE_SIGN_STYLE = Automatic;
				DEVELOPMENT_ASSET_PATHS = "\"renttool/Preview Content\"";
				ENABLE_PREVIEWS = YES;
				INFOPLIST_FILE = renttool/Info.plist;
				IPHONEOS_DEPLOYMENT_TARGET = 14.0;
				LD_RUNPATH_SEARCH_PATHS = (
					"$(inherited)",
					"@executable_path/Frameworks",
				);
				PRODUCT_BUNDLE_IDENTIFIER = com.renttool.renttool;
				PRODUCT_NAME = "$(TARGET_NAME)";
				SWIFT_VERSION = 5.0;
				TARGETED_DEVICE_FAMILY = "1,2";
			};
			name = Debug;
		};
		997B6DA126225544000804E6 /* Release */ = {
			isa = XCBuildConfiguration;
			baseConfigurationReference = 2B38088FA568EA09B9894582 /* Pods-renttool.release.xcconfig */;
			buildSettings = {
				ASSETCATALOG_COMPILER_APPICON_NAME = AppIcon;
				ASSETCATALOG_COMPILER_GLOBAL_ACCENT_COLOR_NAME = AccentColor;
				CODE_SIGN_STYLE = Automatic;
				DEVELOPMENT_ASSET_PATHS = "\"renttool/Preview Content\"";
				ENABLE_PREVIEWS = YES;
				INFOPLIST_FILE = renttool/Info.plist;
				IPHONEOS_DEPLOYMENT_TARGET = 14.0;
				LD_RUNPATH_SEARCH_PATHS = (
					"$(inherited)",
					"@executable_path/Frameworks",
				);
				PRODUCT_BUNDLE_IDENTIFIER = com.renttool.renttool;
				PRODUCT_NAME = "$(TARGET_NAME)";
				SWIFT_VERSION = 5.0;
				TARGETED_DEVICE_FAMILY = "1,2";
			};
			name = Release;
		};
/* End XCBuildConfiguration section */

/* Begin XCConfigurationList section */
		997B6D8B26225544000804E6 /* Build configuration list for PBXProject "renttool" */ = {
			isa = XCConfigurationList;
			buildConfigurations = (
				997B6D9D26225544000804E6 /* Debug */,
				997B6D9E26225544000804E6 /* Release */,
			);
			defaultConfigurationIsVisible = 0;
			defaultConfigurationName = Release;
		};
		997B6D9F26225544000804E6 /* Build configuration list for PBXNativeTarget "renttool" */ = {
			isa = XCConfigurationList;
			buildConfigurations = (
				997B6DA026225544000804E6 /* Debug */,
				997B6DA126225544000804E6 /* Release */,
			);
			defaultConfigurationIsVisible = 0;
			defaultConfigurationName = Release;
		};
/* End XCConfigurationList section */
	};
	rootObject = 997B6D8826225544000804E6 /* Project object */;
}
